// !$*UTF8*$!
{
	archiveVersion = 1;
	classes = {
	};
	objectVersion = 55;
	objects = {

/* Begin PBXBuildFile section */
		CF518E632734510D003CD86F /* AppDelegate.swift in Sources */ = {isa = PBXBuildFile; fileRef = CF518E622734510D003CD86F /* AppDelegate.swift */; };
		CF518E652734510D003CD86F /* SceneDelegate.swift in Sources */ = {isa = PBXBuildFile; fileRef = CF518E642734510D003CD86F /* SceneDelegate.swift */; };
		CF518E6C2734510E003CD86F /* Assets.xcassets in Resources */ = {isa = PBXBuildFile; fileRef = CF518E6B2734510E003CD86F /* Assets.xcassets */; };
		CF518E6F2734510E003CD86F /* LaunchScreen.storyboard in Resources */ = {isa = PBXBuildFile; fileRef = CF518E6D2734510E003CD86F /* LaunchScreen.storyboard */; };
		CF518E7D27345163003CD86F /* CustomViewController.storyboard in Resources */ = {isa = PBXBuildFile; fileRef = CF518E7B27345163003CD86F /* CustomViewController.storyboard */; };
		CF518E7E27345163003CD86F /* CustomViewController.swift in Sources */ = {isa = PBXBuildFile; fileRef = CF518E7C27345163003CD86F /* CustomViewController.swift */; };
		CF518E8127345210003CD86F /* DataController.swift in Sources */ = {isa = PBXBuildFile; fileRef = CF518E8027345210003CD86F /* DataController.swift */; };
		CF518E8327345239003CD86F /* Observable.swift in Sources */ = {isa = PBXBuildFile; fileRef = CF518E8227345239003CD86F /* Observable.swift */; };
		CF518E8627345298003CD86F /* Posts.swift in Sources */ = {isa = PBXBuildFile; fileRef = CF518E8527345298003CD86F /* Posts.swift */; };
		CF518E8927345BBD003CD86F /* PostCell.xib in Resources */ = {isa = PBXBuildFile; fileRef = CF518E8827345BBD003CD86F /* PostCell.xib */; };
		CF518E8B27345CE4003CD86F /* PostCell.swift in Sources */ = {isa = PBXBuildFile; fileRef = CF518E8A27345CE4003CD86F /* PostCell.swift */; };
		CF518E91273463BC003CD86F /* CustomView.swift in Sources */ = {isa = PBXBuildFile; fileRef = CF518E90273463BC003CD86F /* CustomView.swift */; };
		CF518E9327346418003CD86F /* CustomView.xib in Resources */ = {isa = PBXBuildFile; fileRef = CF518E9227346418003CD86F /* CustomView.xib */; };
/* End PBXBuildFile section */

/* Begin PBXFileReference section */
		CF518E5F2734510D003CD86F /* Test.app */ = {isa = PBXFileReference; explicitFileType = wrapper.application; includeInIndex = 0; path = Test.app; sourceTree = BUILT_PRODUCTS_DIR; };
		CF518E622734510D003CD86F /* AppDelegate.swift */ = {isa = PBXFileReference; lastKnownFileType = sourcecode.swift; path = AppDelegate.swift; sourceTree = "<group>"; };
		CF518E642734510D003CD86F /* SceneDelegate.swift */ = {isa = PBXFileReference; lastKnownFileType = sourcecode.swift; path = SceneDelegate.swift; sourceTree = "<group>"; };
		CF518E6B2734510E003CD86F /* Assets.xcassets */ = {isa = PBXFileReference; lastKnownFileType = folder.assetcatalog; path = Assets.xcassets; sourceTree = "<group>"; };
		CF518E6E2734510E003CD86F /* Base */ = {isa = PBXFileReference; lastKnownFileType = file.storyboard; name = Base; path = Base.lproj/LaunchScreen.storyboard; sourceTree = "<group>"; };
		CF518E702734510E003CD86F /* Info.plist */ = {isa = PBXFileReference; lastKnownFileType = text.plist.xml; path = Info.plist; sourceTree = "<group>"; };
		CF518E7B27345163003CD86F /* CustomViewController.storyboard */ = {isa = PBXFileReference; lastKnownFileType = file.storyboard; path = CustomViewController.storyboard; sourceTree = "<group>"; };
		CF518E7C27345163003CD86F /* CustomViewController.swift */ = {isa = PBXFileReference; lastKnownFileType = sourcecode.swift; path = CustomViewController.swift; sourceTree = "<group>"; };
		CF518E8027345210003CD86F /* DataController.swift */ = {isa = PBXFileReference; lastKnownFileType = sourcecode.swift; path = DataController.swift; sourceTree = "<group>"; };
		CF518E8227345239003CD86F /* Observable.swift */ = {isa = PBXFileReference; lastKnownFileType = sourcecode.swift; path = Observable.swift; sourceTree = "<group>"; };
		CF518E8527345298003CD86F /* Posts.swift */ = {isa = PBXFileReference; lastKnownFileType = sourcecode.swift; path = Posts.swift; sourceTree = "<group>"; };
		CF518E8827345BBD003CD86F /* PostCell.xib */ = {isa = PBXFileReference; lastKnownFileType = file.xib; path = PostCell.xib; sourceTree = "<group>"; };
		CF518E8A27345CE4003CD86F /* PostCell.swift */ = {isa = PBXFileReference; lastKnownFileType = sourcecode.swift; path = PostCell.swift; sourceTree = "<group>"; };
		CF518E90273463BC003CD86F /* CustomView.swift */ = {isa = PBXFileReference; lastKnownFileType = sourcecode.swift; path = CustomView.swift; sourceTree = "<group>"; };
		CF518E9227346418003CD86F /* CustomView.xib */ = {isa = PBXFileReference; lastKnownFileType = file.xib; path = CustomView.xib; sourceTree = "<group>"; };
/* End PBXFileReference section */

/* Begin PBXFrameworksBuildPhase section */
		CF518E5C2734510D003CD86F /* Frameworks */ = {
			isa = PBXFrameworksBuildPhase;
			buildActionMask = 2147483647;
			files = (
			);
			runOnlyForDeploymentPostprocessing = 0;
		};
/* End PBXFrameworksBuildPhase section */

/* Begin PBXGroup section */
		CF518E562734510D003CD86F = {
			isa = PBXGroup;
			children = (
				CF518E612734510D003CD86F /* Test */,
				CF518E602734510D003CD86F /* Products */,
			);
			sourceTree = "<group>";
		};
		CF518E602734510D003CD86F /* Products */ = {
			isa = PBXGroup;
			children = (
				CF518E5F2734510D003CD86F /* Test.app */,
			);
			name = Products;
			sourceTree = "<group>";
		};
		CF518E612734510D003CD86F /* Test */ = {
			isa = PBXGroup;
			children = (
				CF518E7F273451A3003CD86F /* DataController */,
				CF518E7627345138003CD86F /* ViewController */,
				CF518E622734510D003CD86F /* AppDelegate.swift */,
				CF518E642734510D003CD86F /* SceneDelegate.swift */,
				CF518E6B2734510E003CD86F /* Assets.xcassets */,
				CF518E6D2734510E003CD86F /* LaunchScreen.storyboard */,
				CF518E702734510E003CD86F /* Info.plist */,
			);
			path = Test;
			sourceTree = "<group>";
		};
		CF518E7627345138003CD86F /* ViewController */ = {
			isa = PBXGroup;
			children = (
				CF518E8F273463AD003CD86F /* Views */,
				CF518E8727345BA6003CD86F /* Cells */,
				CF518E7B27345163003CD86F /* CustomViewController.storyboard */,
				CF518E7C27345163003CD86F /* CustomViewController.swift */,
			);
			path = ViewController;
			sourceTree = "<group>";
		};
		CF518E7F273451A3003CD86F /* DataController */ = {
			isa = PBXGroup;
			children = (
				CF518E8427345289003CD86F /* Models */,
				CF518E8027345210003CD86F /* DataController.swift */,
				CF518E8227345239003CD86F /* Observable.swift */,
			);
			path = DataController;
			sourceTree = "<group>";
		};
		CF518E8427345289003CD86F /* Models */ = {
			isa = PBXGroup;
			children = (
				CF518E8527345298003CD86F /* Posts.swift */,
			);
			path = Models;
			sourceTree = "<group>";
		};
		CF518E8727345BA6003CD86F /* Cells */ = {
			isa = PBXGroup;
			children = (
				CF518E8827345BBD003CD86F /* PostCell.xib */,
				CF518E8A27345CE4003CD86F /* PostCell.swift */,
			);
			path = Cells;
			sourceTree = "<group>";
		};
		CF518E8F273463AD003CD86F /* Views */ = {
			isa = PBXGroup;
			children = (
				CF518E90273463BC003CD86F /* CustomView.swift */,
				CF518E9227346418003CD86F /* CustomView.xib */,
			);
			path = Views;
			sourceTree = "<group>";
		};
/* End PBXGroup section */

/* Begin PBXNativeTarget section */
		CF518E5E2734510D003CD86F /* Test */ = {
			isa = PBXNativeTarget;
			buildConfigurationList = CF518E732734510E003CD86F /* Build configuration list for PBXNativeTarget "Test" */;
			buildPhases = (
				CF518E5B2734510D003CD86F /* Sources */,
				CF518E5C2734510D003CD86F /* Frameworks */,
				CF518E5D2734510D003CD86F /* Resources */,
			);
			buildRules = (
			);
			dependencies = (
			);
			name = Test;
			productName = Test;
			productReference = CF518E5F2734510D003CD86F /* Test.app */;
			productType = "com.apple.product-type.application";
		};
/* End PBXNativeTarget section */

/* Begin PBXProject section */
		CF518E572734510D003CD86F /* Project object */ = {
			isa = PBXProject;
			attributes = {
				BuildIndependentTargetsInParallel = 1;
				LastSwiftUpdateCheck = 1310;
				LastUpgradeCheck = 1310;
				TargetAttributes = {
					CF518E5E2734510D003CD86F = {
						CreatedOnToolsVersion = 13.1;
					};
				};
			};
			buildConfigurationList = CF518E5A2734510D003CD86F /* Build configuration list for PBXProject "Test" */;
			compatibilityVersion = "Xcode 13.0";
			developmentRegion = en;
			hasScannedForEncodings = 0;
			knownRegions = (
				en,
				Base,
			);
			mainGroup = CF518E562734510D003CD86F;
			productRefGroup = CF518E602734510D003CD86F /* Products */;
			projectDirPath = "";
			projectRoot = "";
			targets = (
				CF518E5E2734510D003CD86F /* Test */,
			);
		};
/* End PBXProject section */

/* Begin PBXResourcesBuildPhase section */
		CF518E5D2734510D003CD86F /* Resources */ = {
			isa = PBXResourcesBuildPhase;
			buildActionMask = 2147483647;
			files = (
				CF518E7D27345163003CD86F /* CustomViewController.storyboard in Resources */,
				CF518E9327346418003CD86F /* CustomView.xib in Resources */,
				CF518E6F2734510E003CD86F /* LaunchScreen.storyboard in Resources */,
				CF518E6C2734510E003CD86F /* Assets.xcassets in Resources */,
				CF518E8927345BBD003CD86F /* PostCell.xib in Resources */,
			);
			runOnlyForDeploymentPostprocessing = 0;
		};
/* End PBXResourcesBuildPhase section */

/* Begin PBXSourcesBuildPhase section */
		CF518E5B2734510D003CD86F /* Sources */ = {
			isa = PBXSourcesBuildPhase;
			buildActionMask = 2147483647;
			files = (
				CF518E8B27345CE4003CD86F /* PostCell.swift in Sources */,
				CF518E91273463BC003CD86F /* CustomView.swift in Sources */,
				CF518E8327345239003CD86F /* Observable.swift in Sources */,
				CF518E7E27345163003CD86F /* CustomViewController.swift in Sources */,
				CF518E8127345210003CD86F /* DataController.swift in Sources */,
				CF518E8627345298003CD86F /* Posts.swift in Sources */,
				CF518E632734510D003CD86F /* AppDelegate.swift in Sources */,
				CF518E652734510D003CD86F /* SceneDelegate.swift in Sources */,
			);
			runOnlyForDeploymentPostprocessing = 0;
		};
/* End PBXSourcesBuildPhase section */

/* Begin PBXVariantGroup section */
		CF518E6D2734510E003CD86F /* LaunchScreen.storyboard */ = {
			isa = PBXVariantGroup;
			children = (
				CF518E6E2734510E003CD86F /* Base */,
			);
			name = LaunchScreen.storyboard;
			sourceTree = "<group>";
		};
/* End PBXVariantGroup section */

/* Begin XCBuildConfiguration section */
		CF518E712734510E003CD86F /* Debug */ = {
			isa = XCBuildConfiguration;
			buildSettings = {
				ALWAYS_SEARCH_USER_PATHS = NO;
				CLANG_ANALYZER_NONNULL = YES;
				CLANG_ANALYZER_NUMBER_OBJECT_CONVERSION = YES_AGGRESSIVE;
				CLANG_CXX_LANGUAGE_STANDARD = "gnu++17";
				CLANG_CXX_LIBRARY = "libc++";
				CLANG_ENABLE_MODULES = YES;
				CLANG_ENABLE_OBJC_ARC = YES;
				CLANG_ENABLE_OBJC_WEAK = YES;
				CLANG_WARN_BLOCK_CAPTURE_AUTORELEASING = YES;
				CLANG_WARN_BOOL_CONVERSION = YES;
				CLANG_WARN_COMMA = YES;
				CLANG_WARN_CONSTANT_CONVERSION = YES;
				CLANG_WARN_DEPRECATED_OBJC_IMPLEMENTATIONS = YES;
				CLANG_WARN_DIRECT_OBJC_ISA_USAGE = YES_ERROR;
				CLANG_WARN_DOCUMENTATION_COMMENTS = YES;
				CLANG_WARN_EMPTY_BODY = YES;
				CLANG_WARN_ENUM_CONVERSION = YES;
				CLANG_WARN_INFINITE_RECURSION = YES;
				CLANG_WARN_INT_CONVERSION = YES;
				CLANG_WARN_NON_LITERAL_NULL_CONVERSION = YES;
				CLANG_WARN_OBJC_IMPLICIT_RETAIN_SELF = YES;
				CLANG_WARN_OBJC_LITERAL_CONVERSION = YES;
				CLANG_WARN_OBJC_ROOT_CLASS = YES_ERROR;
				CLANG_WARN_QUOTED_INCLUDE_IN_FRAMEWORK_HEADER = YES;
				CLANG_WARN_RANGE_LOOP_ANALYSIS = YES;
				CLANG_WARN_STRICT_PROTOTYPES = YES;
				CLANG_WARN_SUSPICIOUS_MOVE = YES;
				CLANG_WARN_UNGUARDED_AVAILABILITY = YES_AGGRESSIVE;
				CLANG_WARN_UNREACHABLE_CODE = YES;
				CLANG_WARN__DUPLICATE_METHOD_MATCH = YES;
				COPY_PHASE_STRIP = NO;
				DEBUG_INFORMATION_FORMAT = dwarf;
				ENABLE_STRICT_OBJC_MSGSEND = YES;
				ENABLE_TESTABILITY = YES;
				GCC_C_LANGUAGE_STANDARD = gnu11;
				GCC_DYNAMIC_NO_PIC = NO;
				GCC_NO_COMMON_BLOCKS = YES;
				GCC_OPTIMIZATION_LEVEL = 0;
				GCC_PREPROCESSOR_DEFINITIONS = (
					"DEBUG=1",
					"$(inherited)",
				);
				GCC_WARN_64_TO_32_BIT_CONVERSION = YES;
				GCC_WARN_ABOUT_RETURN_TYPE = YES_ERROR;
				GCC_WARN_UNDECLARED_SELECTOR = YES;
				GCC_WARN_UNINITIALIZED_AUTOS = YES_AGGRESSIVE;
				GCC_WARN_UNUSED_FUNCTION = YES;
				GCC_WARN_UNUSED_VARIABLE = YES;
				IPHONEOS_DEPLOYMENT_TARGET = 15.0;
				MTL_ENABLE_DEBUG_INFO = INCLUDE_SOURCE;
				MTL_FAST_MATH = YES;
				ONLY_ACTIVE_ARCH = YES;
				SDKROOT = iphoneos;
				SWIFT_ACTIVE_COMPILATION_CONDITIONS = DEBUG;
				SWIFT_OPTIMIZATION_LEVEL = "-Onone";
			};
			name = Debug;
		};
		CF518E722734510E003CD86F /* Release */ = {
			isa = XCBuildConfiguration;
			buildSettings = {
				ALWAYS_SEARCH_USER_PATHS = NO;
				CLANG_ANALYZER_NONNULL = YES;
				CLANG_ANALYZER_NUMBER_OBJECT_CONVERSION = YES_AGGRESSIVE;
				CLANG_CXX_LANGUAGE_STANDARD = "gnu++17";
				CLANG_CXX_LIBRARY = "libc++";
				CLANG_ENABLE_MODULES = YES;
				CLANG_ENABLE_OBJC_ARC = YES;
				CLANG_ENABLE_OBJC_WEAK = YES;
				CLANG_WARN_BLOCK_CAPTURE_AUTORELEASING = YES;
				CLANG_WARN_BOOL_CONVERSION = YES;
				CLANG_WARN_COMMA = YES;
				CLANG_WARN_CONSTANT_CONVERSION = YES;
				CLANG_WARN_DEPRECATED_OBJC_IMPLEMENTATIONS = YES;
				CLANG_WARN_DIRECT_OBJC_ISA_USAGE = YES_ERROR;
				CLANG_WARN_DOCUMENTATION_COMMENTS = YES;
				CLANG_WARN_EMPTY_BODY = YES;
				CLANG_WARN_ENUM_CONVERSION = YES;
				CLANG_WARN_INFINITE_RECURSION = YES;
				CLANG_WARN_INT_CONVERSION = YES;
				CLANG_WARN_NON_LITERAL_NULL_CONVERSION = YES;
				CLANG_WARN_OBJC_IMPLICIT_RETAIN_SELF = YES;
				CLANG_WARN_OBJC_LITERAL_CONVERSION = YES;
				CLANG_WARN_OBJC_ROOT_CLASS = YES_ERROR;
				CLANG_WARN_QUOTED_INCLUDE_IN_FRAMEWORK_HEADER = YES;
				CLANG_WARN_RANGE_LOOP_ANALYSIS = YES;
				CLANG_WARN_STRICT_PROTOTYPES = YES;
				CLANG_WARN_SUSPICIOUS_MOVE = YES;
				CLANG_WARN_UNGUARDED_AVAILABILITY = YES_AGGRESSIVE;
				CLANG_WARN_UNREACHABLE_CODE = YES;
				CLANG_WARN__DUPLICATE_METHOD_MATCH = YES;
				COPY_PHASE_STRIP = NO;
				DEBUG_INFORMATION_FORMAT = "dwarf-with-dsym";
				ENABLE_NS_ASSERTIONS = NO;
				ENABLE_STRICT_OBJC_MSGSEND = YES;
				GCC_C_LANGUAGE_STANDARD = gnu11;
				GCC_NO_COMMON_BLOCKS = YES;
				GCC_WARN_64_TO_32_BIT_CONVERSION = YES;
				GCC_WARN_ABOUT_RETURN_TYPE = YES_ERROR;
				GCC_WARN_UNDECLARED_SELECTOR = YES;
				GCC_WARN_UNINITIALIZED_AUTOS = YES_AGGRESSIVE;
				GCC_WARN_UNUSED_FUNCTION = YES;
				GCC_WARN_UNUSED_VARIABLE = YES;
				IPHONEOS_DEPLOYMENT_TARGET = 15.0;
				MTL_ENABLE_DEBUG_INFO = NO;
				MTL_FAST_MATH = YES;
				SDKROOT = iphoneos;
				SWIFT_COMPILATION_MODE = wholemodule;
				SWIFT_OPTIMIZATION_LEVEL = "-O";
				VALIDATE_PRODUCT = YES;
			};
			name = Release;
		};
		CF518E742734510E003CD86F /* Debug */ = {
			isa = XCBuildConfiguration;
			buildSettings = {
				ASSETCATALOG_COMPILER_APPICON_NAME = AppIcon;
				ASSETCATALOG_COMPILER_GLOBAL_ACCENT_COLOR_NAME = AccentColor;
				CODE_SIGN_STYLE = Automatic;
				CURRENT_PROJECT_VERSION = 1;
				GENERATE_INFOPLIST_FILE = YES;
				INFOPLIST_FILE = Test/Info.plist;
				INFOPLIST_KEY_UIApplicationSupportsIndirectInputEvents = YES;
				INFOPLIST_KEY_UILaunchStoryboardName = LaunchScreen;
				INFOPLIST_KEY_UIMainStoryboardFile = CustomViewController;
				INFOPLIST_KEY_UISupportedInterfaceOrientations_iPad = "UIInterfaceOrientationPortrait UIInterfaceOrientationPortraitUpsideDown UIInterfaceOrientationLandscapeLeft UIInterfaceOrientationLandscapeRight";
				INFOPLIST_KEY_UISupportedInterfaceOrientations_iPhone = "UIInterfaceOrientationPortrait UIInterfaceOrientationLandscapeLeft UIInterfaceOrientationLandscapeRight";
				LD_RUNPATH_SEARCH_PATHS = (
					"$(inherited)",
					"@executable_path/Frameworks",
				);
				MARKETING_VERSION = 1.0;
				PRODUCT_BUNDLE_IDENTIFIER = test.project.Test;
				PRODUCT_NAME = "$(TARGET_NAME)";
				SWIFT_EMIT_LOC_STRINGS = YES;
				SWIFT_VERSION = 5.0;
				TARGETED_DEVICE_FAMILY = "1,2";
			};
			name = Debug;
		};
		CF518E752734510E003CD86F /* Release */ = {
			isa = XCBuildConfiguration;
			buildSettings = {
				ASSETCATALOG_COMPILER_APPICON_NAME = AppIcon;
				ASSETCATALOG_COMPILER_GLOBAL_ACCENT_COLOR_NAME = AccentColor;
				CODE_SIGN_STYLE = Automatic;
				CURRENT_PROJECT_VERSION = 1;
				GENERATE_INFOPLIST_FILE = YES;
				INFOPLIST_FILE = Test/Info.plist;
				INFOPLIST_KEY_UIApplicationSupportsIndirectInputEvents = YES;
				INFOPLIST_KEY_UILaunchStoryboardName = LaunchScreen;
				INFOPLIST_KEY_UIMainStoryboardFile = CustomViewController;
				INFOPLIST_KEY_UISupportedInterfaceOrientations_iPad = "UIInterfaceOrientationPortrait UIInterfaceOrientationPortraitUpsideDown UIInterfaceOrientationLandscapeLeft UIInterfaceOrientationLandscapeRight";
				INFOPLIST_KEY_UISupportedInterfaceOrientations_iPhone = "UIInterfaceOrientationPortrait UIInterfaceOrientationLandscapeLeft UIInterfaceOrientationLandscapeRight";
				LD_RUNPATH_SEARCH_PATHS = (
					"$(inherited)",
					"@executable_path/Frameworks",
				);
				MARKETING_VERSION = 1.0;
				PRODUCT_BUNDLE_IDENTIFIER = test.project.Test;
				PRODUCT_NAME = "$(TARGET_NAME)";
				SWIFT_EMIT_LOC_STRINGS = YES;
				SWIFT_VERSION = 5.0;
				TARGETED_DEVICE_FAMILY = "1,2";
			};
			name = Release;
		};
/* End XCBuildConfiguration section */

/* Begin XCConfigurationList section */
		CF518E5A2734510D003CD86F /* Build configuration list for PBXProject "Test" */ = {
			isa = XCConfigurationList;
			buildConfigurations = (
				CF518E712734510E003CD86F /* Debug */,
				CF518E722734510E003CD86F /* Release */,
			);
			defaultConfigurationIsVisible = 0;
			defaultConfigurationName = Release;
		};
		CF518E732734510E003CD86F /* Build configuration list for PBXNativeTarget "Test" */ = {
			isa = XCConfigurationList;
			buildConfigurations = (
				CF518E742734510E003CD86F /* Debug */,
				CF518E752734510E003CD86F /* Release */,
			);
			defaultConfigurationIsVisible = 0;
			defaultConfigurationName = Release;
		};
/* End XCConfigurationList section */
	};
	rootObject = CF518E572734510D003CD86F /* Project object */;
}
